
Microsoft Visual Studio Solution File, Format Version 12.00
# Visual Studio Version 16
VisualStudioVersion = 16.0.810.19
MinimumVisualStudioVersion = 10.0.40219.1
Project("{FAE04EC0-301F-11D3-BF4B-00C04F79EFBC}") = "access_mod", "access_mod\access_mod.csproj", "{5961CF4D-FBD2-4D10-AA0C-4F85FC3DDE0A}"
EndProject
Global
	GlobalSection(SolutionConfigurationPlatforms) = preSolution
		Debug|Any CPU = Debug|Any CPU
		Release|Any CPU = Release|Any CPU
	EndGlobalSection
	GlobalSection(ProjectConfigurationPlatforms) = postSolution
		{5961CF4D-FBD2-4D10-AA0C-4F85FC3DDE0A}.Debug|Any CPU.ActiveCfg = Debug|Any CPU
		{5961CF4D-FBD2-4D10-AA0C-4F85FC3DDE0A}.Debug|Any CPU.Build.0 = Debug|Any CPU
		{5961CF4D-FBD2-4D10-AA0C-4F85FC3DDE0A}.Release|Any CPU.ActiveCfg = Release|Any CPU
		{5961CF4D-FBD2-4D10-AA0C-4F85FC3DDE0A}.Release|Any CPU.Build.0 = Release|Any CPU
	EndGlobalSection
	GlobalSection(SolutionProperties) = preSolution
		HideSolutionNode = FALSE
	EndGlobalSection
	GlobalSection(ExtensibilityGlobals) = postSolution
		SolutionGuid = {7BD9072B-7683-49AE-8F2D-E218A711C621}
	EndGlobalSection
EndGlobal
